
Microsoft Visual Studio Solution File, Format Version 12.00
# Visual Studio Version 16
VisualStudioVersion = 16.0.30114.105
MinimumVisualStudioVersion = 10.0.40219.1
Project("{FAE04EC0-301F-11D3-BF4B-00C04F79EFBC}") = "ProductivityApp", "ProductivityApp\ProductivityApp.csproj", "{9246CFAF-A54C-4920-83A5-49EE52401C23}"
EndProject
Project("{FAE04EC0-301F-11D3-BF4B-00C04F79EFBC}") = "Pomodoro", "Pomodoro\Pomodoro.csproj", "{862E3217-4F82-4D2E-97D8-70BBC11E171F}"
EndProject
Project("{FAE04EC0-301F-11D3-BF4B-00C04F79EFBC}") = "Tasks", "Tasks\Tasks.csproj", "{3790034E-7054-4594-AC4E-D69449F57FAD}"
EndProject
Project("{FAE04EC0-301F-11D3-BF4B-00C04F79EFBC}") = "Goals", "Goals\Goals.csproj", "{BB410F2B-DE9B-490F-AA87-FCEED3E47FAD}"
EndProject
Global
	GlobalSection(SolutionConfigurationPlatforms) = preSolution
		Debug|Any CPU = Debug|Any CPU
		Release|Any CPU = Release|Any CPU
	EndGlobalSection
	GlobalSection(SolutionProperties) = preSolution
		HideSolutionNode = FALSE
	EndGlobalSection
	GlobalSection(ProjectConfigurationPlatforms) = postSolution
		{9246CFAF-A54C-4920-83A5-49EE52401C23}.Debug|Any CPU.ActiveCfg = Debug|Any CPU
		{9246CFAF-A54C-4920-83A5-49EE52401C23}.Debug|Any CPU.Build.0 = Debug|Any CPU
		{9246CFAF-A54C-4920-83A5-49EE52401C23}.Release|Any CPU.ActiveCfg = Release|Any CPU
		{9246CFAF-A54C-4920-83A5-49EE52401C23}.Release|Any CPU.Build.0 = Release|Any CPU
		{862E3217-4F82-4D2E-97D8-70BBC11E171F}.Debug|Any CPU.ActiveCfg = Debug|Any CPU
		{862E3217-4F82-4D2E-97D8-70BBC11E171F}.Debug|Any CPU.Build.0 = Debug|Any CPU
		{862E3217-4F82-4D2E-97D8-70BBC11E171F}.Release|Any CPU.ActiveCfg = Release|Any CPU
		{862E3217-4F82-4D2E-97D8-70BBC11E171F}.Release|Any CPU.Build.0 = Release|Any CPU
		{3790034E-7054-4594-AC4E-D69449F57FAD}.Debug|Any CPU.ActiveCfg = Debug|Any CPU
		{3790034E-7054-4594-AC4E-D69449F57FAD}.Debug|Any CPU.Build.0 = Debug|Any CPU
		{3790034E-7054-4594-AC4E-D69449F57FAD}.Release|Any CPU.ActiveCfg = Release|Any CPU
		{3790034E-7054-4594-AC4E-D69449F57FAD}.Release|Any CPU.Build.0 = Release|Any CPU
		{BB410F2B-DE9B-490F-AA87-FCEED3E47FAD}.Debug|Any CPU.ActiveCfg = Debug|Any CPU
		{BB410F2B-DE9B-490F-AA87-FCEED3E47FAD}.Debug|Any CPU.Build.0 = Debug|Any CPU
		{BB410F2B-DE9B-490F-AA87-FCEED3E47FAD}.Release|Any CPU.ActiveCfg = Release|Any CPU
		{BB410F2B-DE9B-490F-AA87-FCEED3E47FAD}.Release|Any CPU.Build.0 = Release|Any CPU
	EndGlobalSection
EndGlobal
